
Microsoft Visual Studio Solution File, Format Version 12.00
# Visual Studio Version 17
VisualStudioVersion = 17.5.002.0
MinimumVisualStudioVersion = 10.0.40219.1
Project("{9A19103F-16F7-4668-BE54-9A1E7A4F7556}") = "blazor-barcode-generator", "blazor-barcode-generator\blazor-barcode-generator.csproj", "{A37993CB-E01E-4B24-A61E-21E46531EEA9}"
EndProject
Project("{9A19103F-16F7-4668-BE54-9A1E7A4F7556}") = "bunkbed-bom-routing", "bunkbed-bom-routing\bunkbed-bom-routing.csproj", "{36EA84DA-BAAA-4374-A557-B05DA33F0A1B}"
EndProject
Project("{9A19103F-16F7-4668-BE54-9A1E7A4F7556}") = "config-api", "config-api\config-api.csproj", "{F618A899-E12E-4CA5-A63E-088E43FF13E9}"
EndProject
Global
	GlobalSection(SolutionConfigurationPlatforms) = preSolution
		Debug|Any CPU = Debug|Any CPU
		Release|Any CPU = Release|Any CPU
	EndGlobalSection
	GlobalSection(ProjectConfigurationPlatforms) = postSolution
		{A37993CB-E01E-4B24-A61E-21E46531EEA9}.Debug|Any CPU.ActiveCfg = Debug|Any CPU
		{A37993CB-E01E-4B24-A61E-21E46531EEA9}.Debug|Any CPU.Build.0 = Debug|Any CPU
		{A37993CB-E01E-4B24-A61E-21E46531EEA9}.Release|Any CPU.ActiveCfg = Release|Any CPU
		{A37993CB-E01E-4B24-A61E-21E46531EEA9}.Release|Any CPU.Build.0 = Release|Any CPU
		{36EA84DA-BAAA-4374-A557-B05DA33F0A1B}.Debug|Any CPU.ActiveCfg = Debug|Any CPU
		{36EA84DA-BAAA-4374-A557-B05DA33F0A1B}.Debug|Any CPU.Build.0 = Debug|Any CPU
		{36EA84DA-BAAA-4374-A557-B05DA33F0A1B}.Release|Any CPU.ActiveCfg = Release|Any CPU
		{36EA84DA-BAAA-4374-A557-B05DA33F0A1B}.Release|Any CPU.Build.0 = Release|Any CPU
		{F618A899-E12E-4CA5-A63E-088E43FF13E9}.Debug|Any CPU.ActiveCfg = Debug|Any CPU
		{F618A899-E12E-4CA5-A63E-088E43FF13E9}.Debug|Any CPU.Build.0 = Debug|Any CPU
		{F618A899-E12E-4CA5-A63E-088E43FF13E9}.Release|Any CPU.ActiveCfg = Release|Any CPU
		{F618A899-E12E-4CA5-A63E-088E43FF13E9}.Release|Any CPU.Build.0 = Release|Any CPU
	EndGlobalSection
	GlobalSection(SolutionProperties) = preSolution
		HideSolutionNode = FALSE
	EndGlobalSection
	GlobalSection(ExtensibilityGlobals) = postSolution
		SolutionGuid = {19C72470-D904-4CC4-A595-4931641B1274}
	EndGlobalSection
EndGlobal
